# This file is autogenerated, do not edit; changes may be undone by the next 'dep ensure'.


[[projects]]
  branch = "master"
  name = "github.com/mitchellh/go-wordwrap"
  packages = ["."]
  revision = "ad45545899c7b13c020ea92b2072220eefad42b8"

[solve-meta]
  analyzer-name = "dep"
  analyzer-version = 1
  inputs-digest = "8b94c72b91caa6de44d1f7b81994d6c40b993f5b765c4d64ac58f220ec3bba5f"
  solver-name = "gps-cdcl"
  solver-version = 1
